
Microsoft Visual Studio Solution File, Format Version 12.00
# Visual Studio Version 16
VisualStudioVersion = 16.0.30611.23
MinimumVisualStudioVersion = 10.0.40219.1
Project("{8BC9CEB8-8B4A-11D0-8D11-00A0C91BC942}") = "Database1", "Database1\Database1.vcxproj", "{679E8A9F-C51A-46E3-ADE8-913E68EE0B31}"
EndProject
Global
	GlobalSection(SolutionConfigurationPlatforms) = preSolution
		Debug|x64 = Debug|x64
		Debug|x86 = Debug|x86
		Release|x64 = Release|x64
		Release|x86 = Release|x86
	EndGlobalSection
	GlobalSection(ProjectConfigurationPlatforms) = postSolution
		{679E8A9F-C51A-46E3-ADE8-913E68EE0B31}.Debug|x64.ActiveCfg = Debug|x64
		{679E8A9F-C51A-46E3-ADE8-913E68EE0B31}.Debug|x64.Build.0 = Debug|x64
		{679E8A9F-C51A-46E3-ADE8-913E68EE0B31}.Debug|x86.ActiveCfg = Debug|Win32
		{679E8A9F-C51A-46E3-ADE8-913E68EE0B31}.Debug|x86.Build.0 = Debug|Win32
		{679E8A9F-C51A-46E3-ADE8-913E68EE0B31}.Release|x64.ActiveCfg = Release|x64
		{679E8A9F-C51A-46E3-ADE8-913E68EE0B31}.Release|x64.Build.0 = Release|x64
		{679E8A9F-C51A-46E3-ADE8-913E68EE0B31}.Release|x86.ActiveCfg = Release|Win32
		{679E8A9F-C51A-46E3-ADE8-913E68EE0B31}.Release|x86.Build.0 = Release|Win32
	EndGlobalSection
	GlobalSection(SolutionProperties) = preSolution
		HideSolutionNode = FALSE
	EndGlobalSection
	GlobalSection(ExtensibilityGlobals) = postSolution
		SolutionGuid = {06E90CD2-F64A-4B9B-B36F-3AA6FAB72B80}
	EndGlobalSection
EndGlobal
